
Microsoft Visual Studio Solution File, Format Version 12.00
# Visual Studio Version 17
VisualStudioVersion = 17.13.35931.197
MinimumVisualStudioVersion = 10.0.40219.1
Project("{FAE04EC0-301F-11D3-BF4B-00C04F79EFBC}") = "FinancePlanner.API", "FinancePlanner.API\FinancePlanner.API.csproj", "{D0D00D37-87CD-42C5-82E3-42AE14A3D65E}"
EndProject
Project("{54A90642-561A-4BB1-A94E-469ADEE60C69}") = "finance-planner.ui", "Finance-Planner.UI\finance-planner.ui.esproj", "{5756DC86-2B7F-FEAA-8F00-9B722D9CEEF7}"
EndProject
Global
	GlobalSection(SolutionConfigurationPlatforms) = preSolution
		Debug|Any CPU = Debug|Any CPU
		Release|Any CPU = Release|Any CPU
	EndGlobalSection
	GlobalSection(ProjectConfigurationPlatforms) = postSolution
		{D0D00D37-87CD-42C5-82E3-42AE14A3D65E}.Debug|Any CPU.ActiveCfg = Debug|Any CPU
		{D0D00D37-87CD-42C5-82E3-42AE14A3D65E}.Debug|Any CPU.Build.0 = Debug|Any CPU
		{D0D00D37-87CD-42C5-82E3-42AE14A3D65E}.Release|Any CPU.ActiveCfg = Release|Any CPU
		{D0D00D37-87CD-42C5-82E3-42AE14A3D65E}.Release|Any CPU.Build.0 = Release|Any CPU
		{5756DC86-2B7F-FEAA-8F00-9B722D9CEEF7}.Debug|Any CPU.ActiveCfg = Debug|Any CPU
		{5756DC86-2B7F-FEAA-8F00-9B722D9CEEF7}.Debug|Any CPU.Build.0 = Debug|Any CPU
		{5756DC86-2B7F-FEAA-8F00-9B722D9CEEF7}.Debug|Any CPU.Deploy.0 = Debug|Any CPU
		{5756DC86-2B7F-FEAA-8F00-9B722D9CEEF7}.Release|Any CPU.ActiveCfg = Release|Any CPU
		{5756DC86-2B7F-FEAA-8F00-9B722D9CEEF7}.Release|Any CPU.Build.0 = Release|Any CPU
		{5756DC86-2B7F-FEAA-8F00-9B722D9CEEF7}.Release|Any CPU.Deploy.0 = Release|Any CPU
	EndGlobalSection
	GlobalSection(SolutionProperties) = preSolution
		HideSolutionNode = FALSE
	EndGlobalSection
	GlobalSection(ExtensibilityGlobals) = postSolution
		SolutionGuid = {211B4B76-9AF6-454E-B93B-AD5FA08C1634}
	EndGlobalSection
EndGlobal
